
Microsoft Visual Studio Solution File, Format Version 12.00
# Visual Studio Version 17
VisualStudioVersion = 17.6.33723.286
MinimumVisualStudioVersion = 10.0.40219.1
Project("{FAE04EC0-301F-11D3-BF4B-00C04F79EFBC}") = "DS III Proyecto final Caja APP", "DS III Proyecto final Caja APP.csproj", "{EB6E4014-11BA-4C22-AF0E-ADC91385D9B1}"
EndProject
Project("{FAE04EC0-301F-11D3-BF4B-00C04F79EFBC}") = "FormFactura", "..\FormFactura\FormFactura.csproj", "{2F9DFD46-EF9E-44E7-9117-6DA95E6CE74A}"
EndProject
Global
	GlobalSection(SolutionConfigurationPlatforms) = preSolution
		Debug|Any CPU = Debug|Any CPU
		Release|Any CPU = Release|Any CPU
	EndGlobalSection
	GlobalSection(ProjectConfigurationPlatforms) = postSolution
		{EB6E4014-11BA-4C22-AF0E-ADC91385D9B1}.Debug|Any CPU.ActiveCfg = Debug|Any CPU
		{EB6E4014-11BA-4C22-AF0E-ADC91385D9B1}.Debug|Any CPU.Build.0 = Debug|Any CPU
		{EB6E4014-11BA-4C22-AF0E-ADC91385D9B1}.Release|Any CPU.ActiveCfg = Release|Any CPU
		{EB6E4014-11BA-4C22-AF0E-ADC91385D9B1}.Release|Any CPU.Build.0 = Release|Any CPU
		{2F9DFD46-EF9E-44E7-9117-6DA95E6CE74A}.Debug|Any CPU.ActiveCfg = Debug|Any CPU
		{2F9DFD46-EF9E-44E7-9117-6DA95E6CE74A}.Debug|Any CPU.Build.0 = Debug|Any CPU
		{2F9DFD46-EF9E-44E7-9117-6DA95E6CE74A}.Release|Any CPU.ActiveCfg = Release|Any CPU
		{2F9DFD46-EF9E-44E7-9117-6DA95E6CE74A}.Release|Any CPU.Build.0 = Release|Any CPU
	EndGlobalSection
	GlobalSection(SolutionProperties) = preSolution
		HideSolutionNode = FALSE
	EndGlobalSection
	GlobalSection(ExtensibilityGlobals) = postSolution
		SolutionGuid = {EB21A6D8-E764-4EFB-99A0-7CE7388032A2}
	EndGlobalSection
EndGlobal
